
Microsoft Visual Studio Solution File, Format Version 12.00
# Visual Studio Version 17
VisualStudioVersion = 17.0.31717.71
MinimumVisualStudioVersion = 10.0.40219.1
Project("{9A19103F-16F7-4668-BE54-9A1E7A4F7556}") = "TodoApp", "TodoApp.csproj", "{29FB8BAE-B66C-4F13-9502-029C09EFD107}"
EndProject
Global
	GlobalSection(SolutionConfigurationPlatforms) = preSolution
		Debug|Any CPU = Debug|Any CPU
		Release|Any CPU = Release|Any CPU
	EndGlobalSection
	GlobalSection(ProjectConfigurationPlatforms) = postSolution
		{29FB8BAE-B66C-4F13-9502-029C09EFD107}.Debug|Any CPU.ActiveCfg = Debug|Any CPU
		{29FB8BAE-B66C-4F13-9502-029C09EFD107}.Debug|Any CPU.Build.0 = Debug|Any CPU
		{29FB8BAE-B66C-4F13-9502-029C09EFD107}.Release|Any CPU.ActiveCfg = Release|Any CPU
		{29FB8BAE-B66C-4F13-9502-029C09EFD107}.Release|Any CPU.Build.0 = Release|Any CPU
	EndGlobalSection
	GlobalSection(SolutionProperties) = preSolution
		HideSolutionNode = FALSE
	EndGlobalSection
	GlobalSection(ExtensibilityGlobals) = postSolution
		SolutionGuid = {38317ED3-84DF-4413-8706-F8B9410BDB14}
	EndGlobalSection
EndGlobal